// !$*UTF8*$!
{
	archiveVersion = 1;
	classes = {
	};
	objectVersion = 50;
	objects = {

/* Begin PBXBuildFile section */
		B1032D0224CE81FA0006DD72 /* LeagueVC.swift in Sources */ = {isa = PBXBuildFile; fileRef = B1032D0124CE81FA0006DD72 /* LeagueVC.swift */; };
		B1032D0424CE820D0006DD72 /* SkillVC.swift in Sources */ = {isa = PBXBuildFile; fileRef = B1032D0324CE820D0006DD72 /* SkillVC.swift */; };
		B1032D0624CF331C0006DD72 /* Player.swift in Sources */ = {isa = PBXBuildFile; fileRef = B1032D0524CF331C0006DD72 /* Player.swift */; };
		B15F6FEB24C75ECC009EF496 /* AppDelegate.swift in Sources */ = {isa = PBXBuildFile; fileRef = B15F6FEA24C75ECC009EF496 /* AppDelegate.swift */; };
		B15F6FED24C75ECC009EF496 /* SceneDelegate.swift in Sources */ = {isa = PBXBuildFile; fileRef = B15F6FEC24C75ECC009EF496 /* SceneDelegate.swift */; };
		B15F6FEF24C75ECC009EF496 /* WelcomeVC.swift in Sources */ = {isa = PBXBuildFile; fileRef = B15F6FEE24C75ECC009EF496 /* WelcomeVC.swift */; };
		B15F6FF224C75ECC009EF496 /* Main.storyboard in Resources */ = {isa = PBXBuildFile; fileRef = B15F6FF024C75ECC009EF496 /* Main.storyboard */; };
		B15F6FF424C75ECE009EF496 /* Assets.xcassets in Resources */ = {isa = PBXBuildFile; fileRef = B15F6FF324C75ECE009EF496 /* Assets.xcassets */; };
		B15F6FF724C75ECE009EF496 /* LaunchScreen.storyboard in Resources */ = {isa = PBXBuildFile; fileRef = B15F6FF524C75ECE009EF496 /* LaunchScreen.storyboard */; };
		B15F700024C76886009EF496 /* BorderButton.swift in Sources */ = {isa = PBXBuildFile; fileRef = B15F6FFF24C76886009EF496 /* BorderButton.swift */; };
/* End PBXBuildFile section */

/* Begin PBXFileReference section */
		B1032D0124CE81FA0006DD72 /* LeagueVC.swift */ = {isa = PBXFileReference; lastKnownFileType = sourcecode.swift; path = LeagueVC.swift; sourceTree = "<group>"; };
		B1032D0324CE820D0006DD72 /* SkillVC.swift */ = {isa = PBXFileReference; lastKnownFileType = sourcecode.swift; path = SkillVC.swift; sourceTree = "<group>"; };
		B1032D0524CF331C0006DD72 /* Player.swift */ = {isa = PBXFileReference; lastKnownFileType = sourcecode.swift; path = Player.swift; sourceTree = "<group>"; };
		B15F6FE724C75ECC009EF496 /* app-swoosh.app */ = {isa = PBXFileReference; explicitFileType = wrapper.application; includeInIndex = 0; path = "app-swoosh.app"; sourceTree = BUILT_PRODUCTS_DIR; };
		B15F6FEA24C75ECC009EF496 /* AppDelegate.swift */ = {isa = PBXFileReference; lastKnownFileType = sourcecode.swift; path = AppDelegate.swift; sourceTree = "<group>"; };
		B15F6FEC24C75ECC009EF496 /* SceneDelegate.swift */ = {isa = PBXFileReference; lastKnownFileType = sourcecode.swift; path = SceneDelegate.swift; sourceTree = "<group>"; };
		B15F6FEE24C75ECC009EF496 /* WelcomeVC.swift */ = {isa = PBXFileReference; lastKnownFileType = sourcecode.swift; path = WelcomeVC.swift; sourceTree = "<group>"; };
		B15F6FF124C75ECC009EF496 /* Base */ = {isa = PBXFileReference; lastKnownFileType = file.storyboard; name = Base; path = Base.lproj/Main.storyboard; sourceTree = "<group>"; };
		B15F6FF324C75ECE009EF496 /* Assets.xcassets */ = {isa = PBXFileReference; lastKnownFileType = folder.assetcatalog; path = Assets.xcassets; sourceTree = "<group>"; };
		B15F6FF624C75ECE009EF496 /* Base */ = {isa = PBXFileReference; lastKnownFileType = file.storyboard; name = Base; path = Base.lproj/LaunchScreen.storyboard; sourceTree = "<group>"; };
		B15F6FF824C75ECE009EF496 /* Info.plist */ = {isa = PBXFileReference; lastKnownFileType = text.plist.xml; path = Info.plist; sourceTree = "<group>"; };
		B15F6FFF24C76886009EF496 /* BorderButton.swift */ = {isa = PBXFileReference; lastKnownFileType = sourcecode.swift; path = BorderButton.swift; sourceTree = "<group>"; };
/* End PBXFileReference section */

/* Begin PBXFrameworksBuildPhase section */
		B15F6FE424C75ECC009EF496 /* Frameworks */ = {
			isa = PBXFrameworksBuildPhase;
			buildActionMask = 2147483647;
			files = (
			);
			runOnlyForDeploymentPostprocessing = 0;
		};
/* End PBXFrameworksBuildPhase section */

/* Begin PBXGroup section */
		B1032CFF24CE80C00006DD72 /* Model */ = {
			isa = PBXGroup;
			children = (
				B1032D0524CF331C0006DD72 /* Player.swift */,
			);
			path = Model;
			sourceTree = "<group>";
		};
		B1032D0024CE80CD0006DD72 /* Controller */ = {
			isa = PBXGroup;
			children = (
				B15F6FEE24C75ECC009EF496 /* WelcomeVC.swift */,
				B1032D0124CE81FA0006DD72 /* LeagueVC.swift */,
				B1032D0324CE820D0006DD72 /* SkillVC.swift */,
			);
			path = Controller;
			sourceTree = "<group>";
		};
		B15F6FDE24C75ECC009EF496 = {
			isa = PBXGroup;
			children = (
				B15F6FE924C75ECC009EF496 /* app-swoosh */,
				B15F6FE824C75ECC009EF496 /* Products */,
			);
			sourceTree = "<group>";
		};
		B15F6FE824C75ECC009EF496 /* Products */ = {
			isa = PBXGroup;
			children = (
				B15F6FE724C75ECC009EF496 /* app-swoosh.app */,
			);
			name = Products;
			sourceTree = "<group>";
		};
		B15F6FE924C75ECC009EF496 /* app-swoosh */ = {
			isa = PBXGroup;
			children = (
				B1032D0024CE80CD0006DD72 /* Controller */,
				B1032CFF24CE80C00006DD72 /* Model */,
				B15F6FFE24C76839009EF496 /* View */,
				B15F6FEA24C75ECC009EF496 /* AppDelegate.swift */,
				B15F6FEC24C75ECC009EF496 /* SceneDelegate.swift */,
				B15F6FF024C75ECC009EF496 /* Main.storyboard */,
				B15F6FF324C75ECE009EF496 /* Assets.xcassets */,
				B15F6FF524C75ECE009EF496 /* LaunchScreen.storyboard */,
				B15F6FF824C75ECE009EF496 /* Info.plist */,
			);
			path = "app-swoosh";
			sourceTree = "<group>";
		};
		B15F6FFE24C76839009EF496 /* View */ = {
			isa = PBXGroup;
			children = (
				B15F6FFF24C76886009EF496 /* BorderButton.swift */,
			);
			path = View;
			sourceTree = "<group>";
		};
/* End PBXGroup section */

/* Begin PBXNativeTarget section */
		B15F6FE624C75ECC009EF496 /* app-swoosh */ = {
			isa = PBXNativeTarget;
			buildConfigurationList = B15F6FFB24C75ECE009EF496 /* Build configuration list for PBXNativeTarget "app-swoosh" */;
			buildPhases = (
				B15F6FE324C75ECC009EF496 /* Sources */,
				B15F6FE424C75ECC009EF496 /* Frameworks */,
				B15F6FE524C75ECC009EF496 /* Resources */,
			);
			buildRules = (
			);
			dependencies = (
			);
			name = "app-swoosh";
			productName = "app-swoosh";
			productReference = B15F6FE724C75ECC009EF496 /* app-swoosh.app */;
			productType = "com.apple.product-type.application";
		};
/* End PBXNativeTarget section */

/* Begin PBXProject section */
		B15F6FDF24C75ECC009EF496 /* Project object */ = {
			isa = PBXProject;
			attributes = {
				LastSwiftUpdateCheck = 1160;
				LastUpgradeCheck = 1160;
				ORGANIZATIONNAME = "Hector Barrios";
				TargetAttributes = {
					B15F6FE624C75ECC009EF496 = {
						CreatedOnToolsVersion = 11.6;
					};
				};
			};
			buildConfigurationList = B15F6FE224C75ECC009EF496 /* Build configuration list for PBXProject "app-swoosh" */;
			compatibilityVersion = "Xcode 9.3";
			developmentRegion = en;
			hasScannedForEncodings = 0;
			knownRegions = (
				en,
				Base,
			);
			mainGroup = B15F6FDE24C75ECC009EF496;
			productRefGroup = B15F6FE824C75ECC009EF496 /* Products */;
			projectDirPath = "";
			projectRoot = "";
			targets = (
				B15F6FE624C75ECC009EF496 /* app-swoosh */,
			);
		};
/* End PBXProject section */

/* Begin PBXResourcesBuildPhase section */
		B15F6FE524C75ECC009EF496 /* Resources */ = {
			isa = PBXResourcesBuildPhase;
			buildActionMask = 2147483647;
			files = (
				B15F6FF724C75ECE009EF496 /* LaunchScreen.storyboard in Resources */,
				B15F6FF424C75ECE009EF496 /* Assets.xcassets in Resources */,
				B15F6FF224C75ECC009EF496 /* Main.storyboard in Resources */,
			);
			runOnlyForDeploymentPostprocessing = 0;
		};
/* End PBXResourcesBuildPhase section */

/* Begin PBXSourcesBuildPhase section */
		B15F6FE324C75ECC009EF496 /* Sources */ = {
			isa = PBXSourcesBuildPhase;
			buildActionMask = 2147483647;
			files = (
				B1032D0224CE81FA0006DD72 /* LeagueVC.swift in Sources */,
				B15F6FEF24C75ECC009EF496 /* WelcomeVC.swift in Sources */,
				B15F6FEB24C75ECC009EF496 /* AppDelegate.swift in Sources */,
				B15F6FED24C75ECC009EF496 /* SceneDelegate.swift in Sources */,
				B1032D0624CF331C0006DD72 /* Player.swift in Sources */,
				B1032D0424CE820D0006DD72 /* SkillVC.swift in Sources */,
				B15F700024C76886009EF496 /* BorderButton.swift in Sources */,
			);
			runOnlyForDeploymentPostprocessing = 0;
		};
/* End PBXSourcesBuildPhase section */

/* Begin PBXVariantGroup section */
		B15F6FF024C75ECC009EF496 /* Main.storyboard */ = {
			isa = PBXVariantGroup;
			children = (
				B15F6FF124C75ECC009EF496 /* Base */,
			);
			name = Main.storyboard;
			sourceTree = "<group>";
		};
		B15F6FF524C75ECE009EF496 /* LaunchScreen.storyboard */ = {
			isa = PBXVariantGroup;
			children = (
				B15F6FF624C75ECE009EF496 /* Base */,
			);
			name = LaunchScreen.storyboard;
			sourceTree = "<group>";
		};
/* End PBXVariantGroup section */

/* Begin XCBuildConfiguration section */
		B15F6FF924C75ECE009EF496 /* Debug */ = {
			isa = XCBuildConfiguration;
			buildSettings = {
				ALWAYS_SEARCH_USER_PATHS = NO;
				CLANG_ANALYZER_NONNULL = YES;
				CLANG_ANALYZER_NUMBER_OBJECT_CONVERSION = YES_AGGRESSIVE;
				CLANG_CXX_LANGUAGE_STANDARD = "gnu++14";
				CLANG_CXX_LIBRARY = "libc++";
				CLANG_ENABLE_MODULES = YES;
				CLANG_ENABLE_OBJC_ARC = YES;
				CLANG_ENABLE_OBJC_WEAK = YES;
				CLANG_WARN_BLOCK_CAPTURE_AUTORELEASING = YES;
				CLANG_WARN_BOOL_CONVERSION = YES;
				CLANG_WARN_COMMA = YES;
				CLANG_WARN_CONSTANT_CONVERSION = YES;
				CLANG_WARN_DEPRECATED_OBJC_IMPLEMENTATIONS = YES;
				CLANG_WARN_DIRECT_OBJC_ISA_USAGE = YES_ERROR;
				CLANG_WARN_DOCUMENTATION_COMMENTS = YES;
				CLANG_WARN_EMPTY_BODY = YES;
				CLANG_WARN_ENUM_CONVERSION = YES;
				CLANG_WARN_INFINITE_RECURSION = YES;
				CLANG_WARN_INT_CONVERSION = YES;
				CLANG_WARN_NON_LITERAL_NULL_CONVERSION = YES;
				CLANG_WARN_OBJC_IMPLICIT_RETAIN_SELF = YES;
				CLANG_WARN_OBJC_LITERAL_CONVERSION = YES;
				CLANG_WARN_OBJC_ROOT_CLASS = YES_ERROR;
				CLANG_WARN_RANGE_LOOP_ANALYSIS = YES;
				CLANG_WARN_STRICT_PROTOTYPES = YES;
				CLANG_WARN_SUSPICIOUS_MOVE = YES;
				CLANG_WARN_UNGUARDED_AVAILABILITY = YES_AGGRESSIVE;
				CLANG_WARN_UNREACHABLE_CODE = YES;
				CLANG_WARN__DUPLICATE_METHOD_MATCH = YES;
				COPY_PHASE_STRIP = NO;
				DEBUG_INFORMATION_FORMAT = dwarf;
				ENABLE_STRICT_OBJC_MSGSEND = YES;
				ENABLE_TESTABILITY = YES;
				GCC_C_LANGUAGE_STANDARD = gnu11;
				GCC_DYNAMIC_NO_PIC = NO;
				GCC_NO_COMMON_BLOCKS = YES;
				GCC_OPTIMIZATION_LEVEL = 0;
				GCC_PREPROCESSOR_DEFINITIONS = (
					"DEBUG=1",
					"$(inherited)",
				);
				GCC_WARN_64_TO_32_BIT_CONVERSION = YES;
				GCC_WARN_ABOUT_RETURN_TYPE = YES_ERROR;
				GCC_WARN_UNDECLARED_SELECTOR = YES;
				GCC_WARN_UNINITIALIZED_AUTOS = YES_AGGRESSIVE;
				GCC_WARN_UNUSED_FUNCTION = YES;
				GCC_WARN_UNUSED_VARIABLE = YES;
				IPHONEOS_DEPLOYMENT_TARGET = 13.6;
				MTL_ENABLE_DEBUG_INFO = INCLUDE_SOURCE;
				MTL_FAST_MATH = YES;
				ONLY_ACTIVE_ARCH = YES;
				SDKROOT = iphoneos;
				SWIFT_ACTIVE_COMPILATION_CONDITIONS = DEBUG;
				SWIFT_OPTIMIZATION_LEVEL = "-Onone";
			};
			name = Debug;
		};
		B15F6FFA24C75ECE009EF496 /* Release */ = {
			isa = XCBuildConfiguration;
			buildSettings = {
				ALWAYS_SEARCH_USER_PATHS = NO;
				CLANG_ANALYZER_NONNULL = YES;
				CLANG_ANALYZER_NUMBER_OBJECT_CONVERSION = YES_AGGRESSIVE;
				CLANG_CXX_LANGUAGE_STANDARD = "gnu++14";
				CLANG_CXX_LIBRARY = "libc++";
				CLANG_ENABLE_MODULES = YES;
				CLANG_ENABLE_OBJC_ARC = YES;
				CLANG_ENABLE_OBJC_WEAK = YES;
				CLANG_WARN_BLOCK_CAPTURE_AUTORELEASING = YES;
				CLANG_WARN_BOOL_CONVERSION = YES;
				CLANG_WARN_COMMA = YES;
				CLANG_WARN_CONSTANT_CONVERSION = YES;
				CLANG_WARN_DEPRECATED_OBJC_IMPLEMENTATIONS = YES;
				CLANG_WARN_DIRECT_OBJC_ISA_USAGE = YES_ERROR;
				CLANG_WARN_DOCUMENTATION_COMMENTS = YES;
				CLANG_WARN_EMPTY_BODY = YES;
				CLANG_WARN_ENUM_CONVERSION = YES;
				CLANG_WARN_INFINITE_RECURSION = YES;
				CLANG_WARN_INT_CONVERSION = YES;
				CLANG_WARN_NON_LITERAL_NULL_CONVERSION = YES;
				CLANG_WARN_OBJC_IMPLICIT_RETAIN_SELF = YES;
				CLANG_WARN_OBJC_LITERAL_CONVERSION = YES;
				CLANG_WARN_OBJC_ROOT_CLASS = YES_ERROR;
				CLANG_WARN_RANGE_LOOP_ANALYSIS = YES;
				CLANG_WARN_STRICT_PROTOTYPES = YES;
				CLANG_WARN_SUSPICIOUS_MOVE = YES;
				CLANG_WARN_UNGUARDED_AVAILABILITY = YES_AGGRESSIVE;
				CLANG_WARN_UNREACHABLE_CODE = YES;
				CLANG_WARN__DUPLICATE_METHOD_MATCH = YES;
				COPY_PHASE_STRIP = NO;
				DEBUG_INFORMATION_FORMAT = "dwarf-with-dsym";
				ENABLE_NS_ASSERTIONS = NO;
				ENABLE_STRICT_OBJC_MSGSEND = YES;
				GCC_C_LANGUAGE_STANDARD = gnu11;
				GCC_NO_COMMON_BLOCKS = YES;
				GCC_WARN_64_TO_32_BIT_CONVERSION = YES;
				GCC_WARN_ABOUT_RETURN_TYPE = YES_ERROR;
				GCC_WARN_UNDECLARED_SELECTOR = YES;
				GCC_WARN_UNINITIALIZED_AUTOS = YES_AGGRESSIVE;
				GCC_WARN_UNUSED_FUNCTION = YES;
				GCC_WARN_UNUSED_VARIABLE = YES;
				IPHONEOS_DEPLOYMENT_TARGET = 13.6;
				MTL_ENABLE_DEBUG_INFO = NO;
				MTL_FAST_MATH = YES;
				SDKROOT = iphoneos;
				SWIFT_COMPILATION_MODE = wholemodule;
				SWIFT_OPTIMIZATION_LEVEL = "-O";
				VALIDATE_PRODUCT = YES;
			};
			name = Release;
		};
		B15F6FFC24C75ECE009EF496 /* Debug */ = {
			isa = XCBuildConfiguration;
			buildSettings = {
				ASSETCATALOG_COMPILER_APPICON_NAME = AppIcon;
				CODE_SIGN_STYLE = Automatic;
				DEVELOPMENT_TEAM = XDDT3R5V4L;
				INFOPLIST_FILE = "app-swoosh/Info.plist";
				LD_RUNPATH_SEARCH_PATHS = (
					"$(inherited)",
					"@executable_path/Frameworks",
				);
				PRODUCT_BUNDLE_IDENTIFIER = "com.barrios.app-swoosh";
				PRODUCT_NAME = "$(TARGET_NAME)";
				SWIFT_VERSION = 5.0;
				TARGETED_DEVICE_FAMILY = "1,2";
			};
			name = Debug;
		};
		B15F6FFD24C75ECE009EF496 /* Release */ = {
			isa = XCBuildConfiguration;
			buildSettings = {
				ASSETCATALOG_COMPILER_APPICON_NAME = AppIcon;
				CODE_SIGN_STYLE = Automatic;
				DEVELOPMENT_TEAM = XDDT3R5V4L;
				INFOPLIST_FILE = "app-swoosh/Info.plist";
				LD_RUNPATH_SEARCH_PATHS = (
					"$(inherited)",
					"@executable_path/Frameworks",
				);
				PRODUCT_BUNDLE_IDENTIFIER = "com.barrios.app-swoosh";
				PRODUCT_NAME = "$(TARGET_NAME)";
				SWIFT_VERSION = 5.0;
				TARGETED_DEVICE_FAMILY = "1,2";
			};
			name = Release;
		};
/* End XCBuildConfiguration section */

/* Begin XCConfigurationList section */
		B15F6FE224C75ECC009EF496 /* Build configuration list for PBXProject "app-swoosh" */ = {
			isa = XCConfigurationList;
			buildConfigurations = (
				B15F6FF924C75ECE009EF496 /* Debug */,
				B15F6FFA24C75ECE009EF496 /* Release */,
			);
			defaultConfigurationIsVisible = 0;
			defaultConfigurationName = Release;
		};
		B15F6FFB24C75ECE009EF496 /* Build configuration list for PBXNativeTarget "app-swoosh" */ = {
			isa = XCConfigurationList;
			buildConfigurations = (
				B15F6FFC24C75ECE009EF496 /* Debug */,
				B15F6FFD24C75ECE009EF496 /* Release */,
			);
			defaultConfigurationIsVisible = 0;
			defaultConfigurationName = Release;
		};
/* End XCConfigurationList section */
	};
	rootObject = B15F6FDF24C75ECC009EF496 /* Project object */;
}
